{
  "name": "proactive-bot-fn",
  "version": "0.1.0",
  "lockfileVersion": 1,
  "requires": true,
  "dependencies": {
    "@azure/functions": {
      "version": "1.0.1-beta2",
      "resolved": "https://registry.npmjs.org/@azure/functions/-/functions-1.0.1-beta2.tgz",
      "integrity": "sha512-ewVNxU2fqSCLbLuHwwvcL2ExgYNIhaztgHQfBShM9bpCBlAufTrvqlGnsEMfYv2F+BmJrkvhcDWE7E8cDz4X0g==",
      "dev": true
    },
    "@types/node": {
      "version": "11.10.5",
      "resolved": "https://registry.npmjs.org/@types/node/-/node-11.10.5.tgz",
      "integrity": "sha512-DuIRlQbX4K+d5I+GMnv+UfnGh+ist0RdlvOp+JZ7ePJ6KQONCFQv/gKYSU1ZzbVdFSUCKZOltjmpFAGGv5MdYA=="
    },
    "typescript": {
      "version": "3.3.3333",
      "resolved": "https://registry.npmjs.org/typescript/-/typescript-3.3.3333.tgz",
      "integrity": "sha512-JjSKsAfuHBE/fB2oZ8NxtRTk5iGcg6hkYXMnZ3Wc+b2RSqejEqTaem11mHASMnFilHrax3sLK0GDzcJrekZYLw==",
      "dev": true
    }
  }
}
